
Microsoft Visual Studio Solution File, Format Version 12.00
# Visual Studio Version 17
VisualStudioVersion = 17.9.34622.214
MinimumVisualStudioVersion = 10.0.40219.1
Project("{2150E333-8FDC-42A3-9474-1A3956D46DE8}") = "Microservices", "Microservices", "{52A69CFB-A590-4312-9C90-B54856BA753B}"
EndProject
Project("{2150E333-8FDC-42A3-9474-1A3956D46DE8}") = "Domain", "Domain", "{7B7DF828-7F18-4082-B750-50491784D51D}"
EndProject
Project("{2150E333-8FDC-42A3-9474-1A3956D46DE8}") = "Infrastructure.Bus", "Infrastructure.Bus", "{9A661594-749B-4252-82B9-ABE93DFC185E}"
EndProject
Project("{2150E333-8FDC-42A3-9474-1A3956D46DE8}") = "Infrastructure.IoC", "Infrastructure.IoC", "{3B92AD76-F1C4-42AA-A0E8-78F9BF8979FD}"
EndProject
Project("{2150E333-8FDC-42A3-9474-1A3956D46DE8}") = "Frontend", "Frontend", "{47E6B016-B28E-4821-9291-DD3D408DFD04}"
EndProject
Project("{FAE04EC0-301F-11D3-BF4B-00C04F79EFBC}") = "Domain.Core", "Domain.Core\Domain.Core.csproj", "{57C98C85-9BF8-4F00-9573-640FEBE333A3}"
EndProject
Global
	GlobalSection(SolutionConfigurationPlatforms) = preSolution
		Debug|Any CPU = Debug|Any CPU
		Release|Any CPU = Release|Any CPU
	EndGlobalSection
	GlobalSection(ProjectConfigurationPlatforms) = postSolution
		{57C98C85-9BF8-4F00-9573-640FEBE333A3}.Debug|Any CPU.ActiveCfg = Debug|Any CPU
		{57C98C85-9BF8-4F00-9573-640FEBE333A3}.Debug|Any CPU.Build.0 = Debug|Any CPU
		{57C98C85-9BF8-4F00-9573-640FEBE333A3}.Release|Any CPU.ActiveCfg = Release|Any CPU
		{57C98C85-9BF8-4F00-9573-640FEBE333A3}.Release|Any CPU.Build.0 = Release|Any CPU
	EndGlobalSection
	GlobalSection(SolutionProperties) = preSolution
		HideSolutionNode = FALSE
	EndGlobalSection
	GlobalSection(NestedProjects) = preSolution
		{57C98C85-9BF8-4F00-9573-640FEBE333A3} = {7B7DF828-7F18-4082-B750-50491784D51D}
	EndGlobalSection
	GlobalSection(ExtensibilityGlobals) = postSolution
		SolutionGuid = {5AC20FCD-5B90-44C5-9FA9-800D6502A8D7}
	EndGlobalSection
EndGlobal
