
Microsoft Visual Studio Solution File, Format Version 12.00
# Visual Studio Version 17
VisualStudioVersion = 17.9.34622.214
MinimumVisualStudioVersion = 10.0.40219.1
Project("{2150E333-8FDC-42A3-9474-1A3956D46DE8}") = "Microservices", "Microservices", "{52A69CFB-A590-4312-9C90-B54856BA753B}"
EndProject
Project("{2150E333-8FDC-42A3-9474-1A3956D46DE8}") = "Domain", "Domain", "{7B7DF828-7F18-4082-B750-50491784D51D}"
EndProject
Project("{2150E333-8FDC-42A3-9474-1A3956D46DE8}") = "Infrastructure.Bus", "Infrastructure.Bus", "{9A661594-749B-4252-82B9-ABE93DFC185E}"
EndProject
Project("{2150E333-8FDC-42A3-9474-1A3956D46DE8}") = "Infrastructure.IoC", "Infrastructure.IoC", "{3B92AD76-F1C4-42AA-A0E8-78F9BF8979FD}"
EndProject
Project("{2150E333-8FDC-42A3-9474-1A3956D46DE8}") = "Frontend", "Frontend", "{47E6B016-B28E-4821-9291-DD3D408DFD04}"
EndProject
Project("{9A19103F-16F7-4668-BE54-9A1E7A4F7556}") = "Domain.Core", "Domain.Core\Domain.Core.csproj", "{57C98C85-9BF8-4F00-9573-640FEBE333A3}"
EndProject
Project("{9A19103F-16F7-4668-BE54-9A1E7A4F7556}") = "Infrastructure.Bus", "Infrastructure.Bus\Infrastructure.Bus.csproj", "{0726824F-30E5-4712-925B-4171D61D9504}"
EndProject
Project("{9A19103F-16F7-4668-BE54-9A1E7A4F7556}") = "Infrastructure.IoC", "Infrastructure.IoC\Infrastructure.IoC.csproj", "{507E2A8F-7D68-4014-A38C-19E7C00DCDEA}"
EndProject
Project("{2150E333-8FDC-42A3-9474-1A3956D46DE8}") = "Banking", "Banking", "{4AF4A8F9-6319-4753-81C3-A25A96671297}"
EndProject
Project("{2150E333-8FDC-42A3-9474-1A3956D46DE8}") = "Banking.API", "Banking.API", "{F4F1DBE8-F9AE-45B6-A251-4B49E3489AF9}"
EndProject
Project("{2150E333-8FDC-42A3-9474-1A3956D46DE8}") = "Banking.Domain", "Banking.Domain", "{86B5BDBF-4D5A-45FF-BA89-8EF5B6AC0941}"
EndProject
Project("{2150E333-8FDC-42A3-9474-1A3956D46DE8}") = "Banking.Application", "Banking.Application", "{D425E51B-948D-4C36-B9E7-DEE1FD66BCE4}"
EndProject
Project("{2150E333-8FDC-42A3-9474-1A3956D46DE8}") = "Banking.Data", "Banking.Data", "{918CE2F2-FAE9-4359-8719-9BD1DE0D277D}"
EndProject
Project("{9A19103F-16F7-4668-BE54-9A1E7A4F7556}") = "Banking.Application", "Application\Banking.Application.csproj", "{904142BB-7D9B-4C68-8770-33980109ABAE}"
EndProject
Project("{9A19103F-16F7-4668-BE54-9A1E7A4F7556}") = "Banking.Data", "Data\Banking.Data.csproj", "{B0284C78-A275-4348-941D-75F71C473572}"
EndProject
Project("{9A19103F-16F7-4668-BE54-9A1E7A4F7556}") = "Banking.Domain", "Domain\Banking.Domain.csproj", "{C5849E98-D659-460A-93F2-CD173BE89FBA}"
EndProject
Project("{9A19103F-16F7-4668-BE54-9A1E7A4F7556}") = "Banking.API", "Banking.API\Banking.API.csproj", "{B23EAA30-08D9-4964-A0B7-5F6F499FE3F8}"
EndProject
Project("{2150E333-8FDC-42A3-9474-1A3956D46DE8}") = "Transfer", "Transfer", "{B13E57A6-5028-474E-A39F-2C2FE1C4C80A}"
EndProject
Project("{2150E333-8FDC-42A3-9474-1A3956D46DE8}") = "Transfer.Api", "Transfer.Api", "{81680799-0C2B-4893-A8FA-057EF4F5EA49}"
EndProject
Project("{2150E333-8FDC-42A3-9474-1A3956D46DE8}") = "Transfer.Application", "Transfer.Application", "{20495A15-EB54-436E-88F7-A6336A69B6DD}"
EndProject
Project("{2150E333-8FDC-42A3-9474-1A3956D46DE8}") = "Transfer.Data", "Transfer.Data", "{92A6F970-115F-4305-B5C4-E22084A79008}"
EndProject
Project("{2150E333-8FDC-42A3-9474-1A3956D46DE8}") = "Transfer.Domain", "Transfer.Domain", "{B371DCF5-965E-43F3-A958-D19149EB4C98}"
EndProject
Project("{FAE04EC0-301F-11D3-BF4B-00C04F79EFBC}") = "Transfer.API", "Transfer.API\Transfer.API.csproj", "{A8FE0888-8D3A-452E-A850-EEB0D6E64BC6}"
EndProject
Project("{FAE04EC0-301F-11D3-BF4B-00C04F79EFBC}") = "Transfer.Application", "Transfer.Application\Transfer.Application.csproj", "{D8660CC1-307B-4642-BFB4-47C0637761BA}"
EndProject
Project("{FAE04EC0-301F-11D3-BF4B-00C04F79EFBC}") = "Transfer.Data", "Transfer.Data\Transfer.Data.csproj", "{26678F90-9723-4EBA-92BC-8B486804039E}"
EndProject
Project("{FAE04EC0-301F-11D3-BF4B-00C04F79EFBC}") = "Transfer.Domain", "Transfer.Domain\Transfer.Domain.csproj", "{3BDBDA92-8567-435F-85E1-659057C8AEA0}"
EndProject
Global
	GlobalSection(SolutionConfigurationPlatforms) = preSolution
		Debug|Any CPU = Debug|Any CPU
		Release|Any CPU = Release|Any CPU
	EndGlobalSection
	GlobalSection(ProjectConfigurationPlatforms) = postSolution
		{57C98C85-9BF8-4F00-9573-640FEBE333A3}.Debug|Any CPU.ActiveCfg = Debug|Any CPU
		{57C98C85-9BF8-4F00-9573-640FEBE333A3}.Debug|Any CPU.Build.0 = Debug|Any CPU
		{57C98C85-9BF8-4F00-9573-640FEBE333A3}.Release|Any CPU.ActiveCfg = Release|Any CPU
		{57C98C85-9BF8-4F00-9573-640FEBE333A3}.Release|Any CPU.Build.0 = Release|Any CPU
		{0726824F-30E5-4712-925B-4171D61D9504}.Debug|Any CPU.ActiveCfg = Debug|Any CPU
		{0726824F-30E5-4712-925B-4171D61D9504}.Debug|Any CPU.Build.0 = Debug|Any CPU
		{0726824F-30E5-4712-925B-4171D61D9504}.Release|Any CPU.ActiveCfg = Release|Any CPU
		{0726824F-30E5-4712-925B-4171D61D9504}.Release|Any CPU.Build.0 = Release|Any CPU
		{507E2A8F-7D68-4014-A38C-19E7C00DCDEA}.Debug|Any CPU.ActiveCfg = Debug|Any CPU
		{507E2A8F-7D68-4014-A38C-19E7C00DCDEA}.Debug|Any CPU.Build.0 = Debug|Any CPU
		{507E2A8F-7D68-4014-A38C-19E7C00DCDEA}.Release|Any CPU.ActiveCfg = Release|Any CPU
		{507E2A8F-7D68-4014-A38C-19E7C00DCDEA}.Release|Any CPU.Build.0 = Release|Any CPU
		{904142BB-7D9B-4C68-8770-33980109ABAE}.Debug|Any CPU.ActiveCfg = Debug|Any CPU
		{904142BB-7D9B-4C68-8770-33980109ABAE}.Debug|Any CPU.Build.0 = Debug|Any CPU
		{904142BB-7D9B-4C68-8770-33980109ABAE}.Release|Any CPU.ActiveCfg = Release|Any CPU
		{904142BB-7D9B-4C68-8770-33980109ABAE}.Release|Any CPU.Build.0 = Release|Any CPU
		{B0284C78-A275-4348-941D-75F71C473572}.Debug|Any CPU.ActiveCfg = Debug|Any CPU
		{B0284C78-A275-4348-941D-75F71C473572}.Debug|Any CPU.Build.0 = Debug|Any CPU
		{B0284C78-A275-4348-941D-75F71C473572}.Release|Any CPU.ActiveCfg = Release|Any CPU
		{B0284C78-A275-4348-941D-75F71C473572}.Release|Any CPU.Build.0 = Release|Any CPU
		{C5849E98-D659-460A-93F2-CD173BE89FBA}.Debug|Any CPU.ActiveCfg = Debug|Any CPU
		{C5849E98-D659-460A-93F2-CD173BE89FBA}.Debug|Any CPU.Build.0 = Debug|Any CPU
		{C5849E98-D659-460A-93F2-CD173BE89FBA}.Release|Any CPU.ActiveCfg = Release|Any CPU
		{C5849E98-D659-460A-93F2-CD173BE89FBA}.Release|Any CPU.Build.0 = Release|Any CPU
		{B23EAA30-08D9-4964-A0B7-5F6F499FE3F8}.Debug|Any CPU.ActiveCfg = Debug|Any CPU
		{B23EAA30-08D9-4964-A0B7-5F6F499FE3F8}.Debug|Any CPU.Build.0 = Debug|Any CPU
		{B23EAA30-08D9-4964-A0B7-5F6F499FE3F8}.Release|Any CPU.ActiveCfg = Release|Any CPU
		{B23EAA30-08D9-4964-A0B7-5F6F499FE3F8}.Release|Any CPU.Build.0 = Release|Any CPU
		{A8FE0888-8D3A-452E-A850-EEB0D6E64BC6}.Debug|Any CPU.ActiveCfg = Debug|Any CPU
		{A8FE0888-8D3A-452E-A850-EEB0D6E64BC6}.Debug|Any CPU.Build.0 = Debug|Any CPU
		{A8FE0888-8D3A-452E-A850-EEB0D6E64BC6}.Release|Any CPU.ActiveCfg = Release|Any CPU
		{A8FE0888-8D3A-452E-A850-EEB0D6E64BC6}.Release|Any CPU.Build.0 = Release|Any CPU
		{D8660CC1-307B-4642-BFB4-47C0637761BA}.Debug|Any CPU.ActiveCfg = Debug|Any CPU
		{D8660CC1-307B-4642-BFB4-47C0637761BA}.Debug|Any CPU.Build.0 = Debug|Any CPU
		{D8660CC1-307B-4642-BFB4-47C0637761BA}.Release|Any CPU.ActiveCfg = Release|Any CPU
		{D8660CC1-307B-4642-BFB4-47C0637761BA}.Release|Any CPU.Build.0 = Release|Any CPU
		{26678F90-9723-4EBA-92BC-8B486804039E}.Debug|Any CPU.ActiveCfg = Debug|Any CPU
		{26678F90-9723-4EBA-92BC-8B486804039E}.Debug|Any CPU.Build.0 = Debug|Any CPU
		{26678F90-9723-4EBA-92BC-8B486804039E}.Release|Any CPU.ActiveCfg = Release|Any CPU
		{26678F90-9723-4EBA-92BC-8B486804039E}.Release|Any CPU.Build.0 = Release|Any CPU
		{3BDBDA92-8567-435F-85E1-659057C8AEA0}.Debug|Any CPU.ActiveCfg = Debug|Any CPU
		{3BDBDA92-8567-435F-85E1-659057C8AEA0}.Debug|Any CPU.Build.0 = Debug|Any CPU
		{3BDBDA92-8567-435F-85E1-659057C8AEA0}.Release|Any CPU.ActiveCfg = Release|Any CPU
		{3BDBDA92-8567-435F-85E1-659057C8AEA0}.Release|Any CPU.Build.0 = Release|Any CPU
	EndGlobalSection
	GlobalSection(SolutionProperties) = preSolution
		HideSolutionNode = FALSE
	EndGlobalSection
	GlobalSection(NestedProjects) = preSolution
		{57C98C85-9BF8-4F00-9573-640FEBE333A3} = {7B7DF828-7F18-4082-B750-50491784D51D}
		{0726824F-30E5-4712-925B-4171D61D9504} = {9A661594-749B-4252-82B9-ABE93DFC185E}
		{507E2A8F-7D68-4014-A38C-19E7C00DCDEA} = {3B92AD76-F1C4-42AA-A0E8-78F9BF8979FD}
		{4AF4A8F9-6319-4753-81C3-A25A96671297} = {52A69CFB-A590-4312-9C90-B54856BA753B}
		{F4F1DBE8-F9AE-45B6-A251-4B49E3489AF9} = {4AF4A8F9-6319-4753-81C3-A25A96671297}
		{86B5BDBF-4D5A-45FF-BA89-8EF5B6AC0941} = {4AF4A8F9-6319-4753-81C3-A25A96671297}
		{D425E51B-948D-4C36-B9E7-DEE1FD66BCE4} = {4AF4A8F9-6319-4753-81C3-A25A96671297}
		{918CE2F2-FAE9-4359-8719-9BD1DE0D277D} = {4AF4A8F9-6319-4753-81C3-A25A96671297}
		{904142BB-7D9B-4C68-8770-33980109ABAE} = {D425E51B-948D-4C36-B9E7-DEE1FD66BCE4}
		{B0284C78-A275-4348-941D-75F71C473572} = {918CE2F2-FAE9-4359-8719-9BD1DE0D277D}
		{C5849E98-D659-460A-93F2-CD173BE89FBA} = {86B5BDBF-4D5A-45FF-BA89-8EF5B6AC0941}
		{B23EAA30-08D9-4964-A0B7-5F6F499FE3F8} = {F4F1DBE8-F9AE-45B6-A251-4B49E3489AF9}
		{B13E57A6-5028-474E-A39F-2C2FE1C4C80A} = {52A69CFB-A590-4312-9C90-B54856BA753B}
		{81680799-0C2B-4893-A8FA-057EF4F5EA49} = {B13E57A6-5028-474E-A39F-2C2FE1C4C80A}
		{20495A15-EB54-436E-88F7-A6336A69B6DD} = {B13E57A6-5028-474E-A39F-2C2FE1C4C80A}
		{92A6F970-115F-4305-B5C4-E22084A79008} = {B13E57A6-5028-474E-A39F-2C2FE1C4C80A}
		{B371DCF5-965E-43F3-A958-D19149EB4C98} = {B13E57A6-5028-474E-A39F-2C2FE1C4C80A}
		{A8FE0888-8D3A-452E-A850-EEB0D6E64BC6} = {81680799-0C2B-4893-A8FA-057EF4F5EA49}
		{D8660CC1-307B-4642-BFB4-47C0637761BA} = {20495A15-EB54-436E-88F7-A6336A69B6DD}
		{26678F90-9723-4EBA-92BC-8B486804039E} = {92A6F970-115F-4305-B5C4-E22084A79008}
		{3BDBDA92-8567-435F-85E1-659057C8AEA0} = {B371DCF5-965E-43F3-A958-D19149EB4C98}
	EndGlobalSection
	GlobalSection(ExtensibilityGlobals) = postSolution
		SolutionGuid = {5AC20FCD-5B90-44C5-9FA9-800D6502A8D7}
	EndGlobalSection
EndGlobal
